// !$*UTF8*$!
{
	archiveVersion = 1;
	classes = {
	};
	objectVersion = 56;
	objects = {

/* Begin PBXBuildFile section */
		6019B9722D5148AA00E3F786 /* AppDelegate.swift in Sources */ = {isa = PBXBuildFile; fileRef = 6019B9712D5148AA00E3F786 /* AppDelegate.swift */; };
		6019B9742D5148AA00E3F786 /* SceneDelegate.swift in Sources */ = {isa = PBXBuildFile; fileRef = 6019B9732D5148AA00E3F786 /* SceneDelegate.swift */; };
		6019B9762D5148AA00E3F786 /* ViewController.swift in Sources */ = {isa = PBXBuildFile; fileRef = 6019B9752D5148AA00E3F786 /* ViewController.swift */; };
		6019B9792D5148AA00E3F786 /* Base in Resources */ = {isa = PBXBuildFile; fileRef = 6019B9782D5148AA00E3F786 /* Base */; };
		6019B97B2D5148AC00E3F786 /* Assets.xcassets in Resources */ = {isa = PBXBuildFile; fileRef = 6019B97A2D5148AC00E3F786 /* Assets.xcassets */; };
		6019B97E2D5148AC00E3F786 /* Base in Resources */ = {isa = PBXBuildFile; fileRef = 6019B97D2D5148AC00E3F786 /* Base */; };
		6019B9892D5148AC00E3F786 /* MemesAppTests.swift in Sources */ = {isa = PBXBuildFile; fileRef = 6019B9882D5148AC00E3F786 /* MemesAppTests.swift */; };
		6019B9932D5148AC00E3F786 /* MemesAppUITests.swift in Sources */ = {isa = PBXBuildFile; fileRef = 6019B9922D5148AC00E3F786 /* MemesAppUITests.swift */; };
		6019B9952D5148AC00E3F786 /* MemesAppUITestsLaunchTests.swift in Sources */ = {isa = PBXBuildFile; fileRef = 6019B9942D5148AC00E3F786 /* MemesAppUITestsLaunchTests.swift */; };
/* End PBXBuildFile section */

/* Begin PBXContainerItemProxy section */
		6019B9852D5148AC00E3F786 /* PBXContainerItemProxy */ = {
			isa = PBXContainerItemProxy;
			containerPortal = 6019B9662D5148AA00E3F786 /* Project object */;
			proxyType = 1;
			remoteGlobalIDString = 6019B96D2D5148AA00E3F786;
			remoteInfo = MemesApp;
		};
		6019B98F2D5148AC00E3F786 /* PBXContainerItemProxy */ = {
			isa = PBXContainerItemProxy;
			containerPortal = 6019B9662D5148AA00E3F786 /* Project object */;
			proxyType = 1;
			remoteGlobalIDString = 6019B96D2D5148AA00E3F786;
			remoteInfo = MemesApp;
		};
/* End PBXContainerItemProxy section */

/* Begin PBXFileReference section */
		6019B96E2D5148AA00E3F786 /* MemesApp.app */ = {isa = PBXFileReference; explicitFileType = wrapper.application; includeInIndex = 0; path = MemesApp.app; sourceTree = BUILT_PRODUCTS_DIR; };
		6019B9712D5148AA00E3F786 /* AppDelegate.swift */ = {isa = PBXFileReference; lastKnownFileType = sourcecode.swift; path = AppDelegate.swift; sourceTree = "<group>"; };
		6019B9732D5148AA00E3F786 /* SceneDelegate.swift */ = {isa = PBXFileReference; lastKnownFileType = sourcecode.swift; path = SceneDelegate.swift; sourceTree = "<group>"; };
		6019B9752D5148AA00E3F786 /* ViewController.swift */ = {isa = PBXFileReference; lastKnownFileType = sourcecode.swift; path = ViewController.swift; sourceTree = "<group>"; };
		6019B9782D5148AA00E3F786 /* Base */ = {isa = PBXFileReference; lastKnownFileType = file.storyboard; name = Base; path = Base.lproj/Main.storyboard; sourceTree = "<group>"; };
		6019B97A2D5148AC00E3F786 /* Assets.xcassets */ = {isa = PBXFileReference; lastKnownFileType = folder.assetcatalog; path = Assets.xcassets; sourceTree = "<group>"; };
		6019B97D2D5148AC00E3F786 /* Base */ = {isa = PBXFileReference; lastKnownFileType = file.storyboard; name = Base; path = Base.lproj/LaunchScreen.storyboard; sourceTree = "<group>"; };
		6019B97F2D5148AC00E3F786 /* Info.plist */ = {isa = PBXFileReference; lastKnownFileType = text.plist.xml; path = Info.plist; sourceTree = "<group>"; };
		6019B9842D5148AC00E3F786 /* MemesAppTests.xctest */ = {isa = PBXFileReference; explicitFileType = wrapper.cfbundle; includeInIndex = 0; path = MemesAppTests.xctest; sourceTree = BUILT_PRODUCTS_DIR; };
		6019B9882D5148AC00E3F786 /* MemesAppTests.swift */ = {isa = PBXFileReference; lastKnownFileType = sourcecode.swift; path = MemesAppTests.swift; sourceTree = "<group>"; };
		6019B98E2D5148AC00E3F786 /* MemesAppUITests.xctest */ = {isa = PBXFileReference; explicitFileType = wrapper.cfbundle; includeInIndex = 0; path = MemesAppUITests.xctest; sourceTree = BUILT_PRODUCTS_DIR; };
		6019B9922D5148AC00E3F786 /* MemesAppUITests.swift */ = {isa = PBXFileReference; lastKnownFileType = sourcecode.swift; path = MemesAppUITests.swift; sourceTree = "<group>"; };
		6019B9942D5148AC00E3F786 /* MemesAppUITestsLaunchTests.swift */ = {isa = PBXFileReference; lastKnownFileType = sourcecode.swift; path = MemesAppUITestsLaunchTests.swift; sourceTree = "<group>"; };
/* End PBXFileReference section */

/* Begin PBXFrameworksBuildPhase section */
		6019B96B2D5148AA00E3F786 /* Frameworks */ = {
			isa = PBXFrameworksBuildPhase;
			buildActionMask = 2147483647;
			files = (
			);
			runOnlyForDeploymentPostprocessing = 0;
		};
		6019B9812D5148AC00E3F786 /* Frameworks */ = {
			isa = PBXFrameworksBuildPhase;
			buildActionMask = 2147483647;
			files = (
			);
			runOnlyForDeploymentPostprocessing = 0;
		};
		6019B98B2D5148AC00E3F786 /* Frameworks */ = {
			isa = PBXFrameworksBuildPhase;
			buildActionMask = 2147483647;
			files = (
			);
			runOnlyForDeploymentPostprocessing = 0;
		};
/* End PBXFrameworksBuildPhase section */

/* Begin PBXGroup section */
		6019B9652D5148AA00E3F786 = {
			isa = PBXGroup;
			children = (
				6019B9702D5148AA00E3F786 /* MemesApp */,
				6019B9872D5148AC00E3F786 /* MemesAppTests */,
				6019B9912D5148AC00E3F786 /* MemesAppUITests */,
				6019B96F2D5148AA00E3F786 /* Products */,
			);
			sourceTree = "<group>";
		};
		6019B96F2D5148AA00E3F786 /* Products */ = {
			isa = PBXGroup;
			children = (
				6019B96E2D5148AA00E3F786 /* MemesApp.app */,
				6019B9842D5148AC00E3F786 /* MemesAppTests.xctest */,
				6019B98E2D5148AC00E3F786 /* MemesAppUITests.xctest */,
			);
			name = Products;
			sourceTree = "<group>";
		};
		6019B9702D5148AA00E3F786 /* MemesApp */ = {
			isa = PBXGroup;
			children = (
				6019B9712D5148AA00E3F786 /* AppDelegate.swift */,
				6019B9732D5148AA00E3F786 /* SceneDelegate.swift */,
				6019B9752D5148AA00E3F786 /* ViewController.swift */,
				6019B9772D5148AA00E3F786 /* Main.storyboard */,
				6019B97A2D5148AC00E3F786 /* Assets.xcassets */,
				6019B97C2D5148AC00E3F786 /* LaunchScreen.storyboard */,
				6019B97F2D5148AC00E3F786 /* Info.plist */,
			);
			path = MemesApp;
			sourceTree = "<group>";
		};
		6019B9872D5148AC00E3F786 /* MemesAppTests */ = {
			isa = PBXGroup;
			children = (
				6019B9882D5148AC00E3F786 /* MemesAppTests.swift */,
			);
			path = MemesAppTests;
			sourceTree = "<group>";
		};
		6019B9912D5148AC00E3F786 /* MemesAppUITests */ = {
			isa = PBXGroup;
			children = (
				6019B9922D5148AC00E3F786 /* MemesAppUITests.swift */,
				6019B9942D5148AC00E3F786 /* MemesAppUITestsLaunchTests.swift */,
			);
			path = MemesAppUITests;
			sourceTree = "<group>";
		};
/* End PBXGroup section */

/* Begin PBXNativeTarget section */
		6019B96D2D5148AA00E3F786 /* MemesApp */ = {
			isa = PBXNativeTarget;
			buildConfigurationList = 6019B9982D5148AC00E3F786 /* Build configuration list for PBXNativeTarget "MemesApp" */;
			buildPhases = (
				6019B96A2D5148AA00E3F786 /* Sources */,
				6019B96B2D5148AA00E3F786 /* Frameworks */,
				6019B96C2D5148AA00E3F786 /* Resources */,
			);
			buildRules = (
			);
			dependencies = (
			);
			name = MemesApp;
			productName = MemesApp;
			productReference = 6019B96E2D5148AA00E3F786 /* MemesApp.app */;
			productType = "com.apple.product-type.application";
		};
		6019B9832D5148AC00E3F786 /* MemesAppTests */ = {
			isa = PBXNativeTarget;
			buildConfigurationList = 6019B99B2D5148AC00E3F786 /* Build configuration list for PBXNativeTarget "MemesAppTests" */;
			buildPhases = (
				6019B9802D5148AC00E3F786 /* Sources */,
				6019B9812D5148AC00E3F786 /* Frameworks */,
				6019B9822D5148AC00E3F786 /* Resources */,
			);
			buildRules = (
			);
			dependencies = (
				6019B9862D5148AC00E3F786 /* PBXTargetDependency */,
			);
			name = MemesAppTests;
			productName = MemesAppTests;
			productReference = 6019B9842D5148AC00E3F786 /* MemesAppTests.xctest */;
			productType = "com.apple.product-type.bundle.unit-test";
		};
		6019B98D2D5148AC00E3F786 /* MemesAppUITests */ = {
			isa = PBXNativeTarget;
			buildConfigurationList = 6019B99E2D5148AC00E3F786 /* Build configuration list for PBXNativeTarget "MemesAppUITests" */;
			buildPhases = (
				6019B98A2D5148AC00E3F786 /* Sources */,
				6019B98B2D5148AC00E3F786 /* Frameworks */,
				6019B98C2D5148AC00E3F786 /* Resources */,
			);
			buildRules = (
			);
			dependencies = (
				6019B9902D5148AC00E3F786 /* PBXTargetDependency */,
			);
			name = MemesAppUITests;
			productName = MemesAppUITests;
			productReference = 6019B98E2D5148AC00E3F786 /* MemesAppUITests.xctest */;
			productType = "com.apple.product-type.bundle.ui-testing";
		};
/* End PBXNativeTarget section */

/* Begin PBXProject section */
		6019B9662D5148AA00E3F786 /* Project object */ = {
			isa = PBXProject;
			attributes = {
				BuildIndependentTargetsInParallel = 1;
				LastSwiftUpdateCheck = 1540;
				LastUpgradeCheck = 1540;
				TargetAttributes = {
					6019B96D2D5148AA00E3F786 = {
						CreatedOnToolsVersion = 15.4;
					};
					6019B9832D5148AC00E3F786 = {
						CreatedOnToolsVersion = 15.4;
						TestTargetID = 6019B96D2D5148AA00E3F786;
					};
					6019B98D2D5148AC00E3F786 = {
						CreatedOnToolsVersion = 15.4;
						TestTargetID = 6019B96D2D5148AA00E3F786;
					};
				};
			};
			buildConfigurationList = 6019B9692D5148AA00E3F786 /* Build configuration list for PBXProject "MemesApp" */;
			compatibilityVersion = "Xcode 14.0";
			developmentRegion = en;
			hasScannedForEncodings = 0;
			knownRegions = (
				en,
				Base,
			);
			mainGroup = 6019B9652D5148AA00E3F786;
			productRefGroup = 6019B96F2D5148AA00E3F786 /* Products */;
			projectDirPath = "";
			projectRoot = "";
			targets = (
				6019B96D2D5148AA00E3F786 /* MemesApp */,
				6019B9832D5148AC00E3F786 /* MemesAppTests */,
				6019B98D2D5148AC00E3F786 /* MemesAppUITests */,
			);
		};
/* End PBXProject section */

/* Begin PBXResourcesBuildPhase section */
		6019B96C2D5148AA00E3F786 /* Resources */ = {
			isa = PBXResourcesBuildPhase;
			buildActionMask = 2147483647;
			files = (
				6019B97B2D5148AC00E3F786 /* Assets.xcassets in Resources */,
				6019B97E2D5148AC00E3F786 /* Base in Resources */,
				6019B9792D5148AA00E3F786 /* Base in Resources */,
			);
			runOnlyForDeploymentPostprocessing = 0;
		};
		6019B9822D5148AC00E3F786 /* Resources */ = {
			isa = PBXResourcesBuildPhase;
			buildActionMask = 2147483647;
			files = (
			);
			runOnlyForDeploymentPostprocessing = 0;
		};
		6019B98C2D5148AC00E3F786 /* Resources */ = {
			isa = PBXResourcesBuildPhase;
			buildActionMask = 2147483647;
			files = (
			);
			runOnlyForDeploymentPostprocessing = 0;
		};
/* End PBXResourcesBuildPhase section */

/* Begin PBXSourcesBuildPhase section */
		6019B96A2D5148AA00E3F786 /* Sources */ = {
			isa = PBXSourcesBuildPhase;
			buildActionMask = 2147483647;
			files = (
				6019B9762D5148AA00E3F786 /* ViewController.swift in Sources */,
				6019B9722D5148AA00E3F786 /* AppDelegate.swift in Sources */,
				6019B9742D5148AA00E3F786 /* SceneDelegate.swift in Sources */,
			);
			runOnlyForDeploymentPostprocessing = 0;
		};
		6019B9802D5148AC00E3F786 /* Sources */ = {
			isa = PBXSourcesBuildPhase;
			buildActionMask = 2147483647;
			files = (
				6019B9892D5148AC00E3F786 /* MemesAppTests.swift in Sources */,
			);
			runOnlyForDeploymentPostprocessing = 0;
		};
		6019B98A2D5148AC00E3F786 /* Sources */ = {
			isa = PBXSourcesBuildPhase;
			buildActionMask = 2147483647;
			files = (
				6019B9952D5148AC00E3F786 /* MemesAppUITestsLaunchTests.swift in Sources */,
				6019B9932D5148AC00E3F786 /* MemesAppUITests.swift in Sources */,
			);
			runOnlyForDeploymentPostprocessing = 0;
		};
/* End PBXSourcesBuildPhase section */

/* Begin PBXTargetDependency section */
		6019B9862D5148AC00E3F786 /* PBXTargetDependency */ = {
			isa = PBXTargetDependency;
			target = 6019B96D2D5148AA00E3F786 /* MemesApp */;
			targetProxy = 6019B9852D5148AC00E3F786 /* PBXContainerItemProxy */;
		};
		6019B9902D5148AC00E3F786 /* PBXTargetDependency */ = {
			isa = PBXTargetDependency;
			target = 6019B96D2D5148AA00E3F786 /* MemesApp */;
			targetProxy = 6019B98F2D5148AC00E3F786 /* PBXContainerItemProxy */;
		};
/* End PBXTargetDependency section */

/* Begin PBXVariantGroup section */
		6019B9772D5148AA00E3F786 /* Main.storyboard */ = {
			isa = PBXVariantGroup;
			children = (
				6019B9782D5148AA00E3F786 /* Base */,
			);
			name = Main.storyboard;
			sourceTree = "<group>";
		};
		6019B97C2D5148AC00E3F786 /* LaunchScreen.storyboard */ = {
			isa = PBXVariantGroup;
			children = (
				6019B97D2D5148AC00E3F786 /* Base */,
			);
			name = LaunchScreen.storyboard;
			sourceTree = "<group>";
		};
/* End PBXVariantGroup section */

/* Begin XCBuildConfiguration section */
		6019B9962D5148AC00E3F786 /* Debug */ = {
			isa = XCBuildConfiguration;
			buildSettings = {
				ALWAYS_SEARCH_USER_PATHS = NO;
				ASSETCATALOG_COMPILER_GENERATE_SWIFT_ASSET_SYMBOL_EXTENSIONS = YES;
				CLANG_ANALYZER_NONNULL = YES;
				CLANG_ANALYZER_NUMBER_OBJECT_CONVERSION = YES_AGGRESSIVE;
				CLANG_CXX_LANGUAGE_STANDARD = "gnu++20";
				CLANG_ENABLE_MODULES = YES;
				CLANG_ENABLE_OBJC_ARC = YES;
				CLANG_ENABLE_OBJC_WEAK = YES;
				CLANG_WARN_BLOCK_CAPTURE_AUTORELEASING = YES;
				CLANG_WARN_BOOL_CONVERSION = YES;
				CLANG_WARN_COMMA = YES;
				CLANG_WARN_CONSTANT_CONVERSION = YES;
				CLANG_WARN_DEPRECATED_OBJC_IMPLEMENTATIONS = YES;
				CLANG_WARN_DIRECT_OBJC_ISA_USAGE = YES_ERROR;
				CLANG_WARN_DOCUMENTATION_COMMENTS = YES;
				CLANG_WARN_EMPTY_BODY = YES;
				CLANG_WARN_ENUM_CONVERSION = YES;
				CLANG_WARN_INFINITE_RECURSION = YES;
				CLANG_WARN_INT_CONVERSION = YES;
				CLANG_WARN_NON_LITERAL_NULL_CONVERSION = YES;
				CLANG_WARN_OBJC_IMPLICIT_RETAIN_SELF = YES;
				CLANG_WARN_OBJC_LITERAL_CONVERSION = YES;
				CLANG_WARN_OBJC_ROOT_CLASS = YES_ERROR;
				CLANG_WARN_QUOTED_INCLUDE_IN_FRAMEWORK_HEADER = YES;
				CLANG_WARN_RANGE_LOOP_ANALYSIS = YES;
				CLANG_WARN_STRICT_PROTOTYPES = YES;
				CLANG_WARN_SUSPICIOUS_MOVE = YES;
				CLANG_WARN_UNGUARDED_AVAILABILITY = YES_AGGRESSIVE;
				CLANG_WARN_UNREACHABLE_CODE = YES;
				CLANG_WARN__DUPLICATE_METHOD_MATCH = YES;
				COPY_PHASE_STRIP = NO;
				DEBUG_INFORMATION_FORMAT = dwarf;
				ENABLE_STRICT_OBJC_MSGSEND = YES;
				ENABLE_TESTABILITY = YES;
				ENABLE_USER_SCRIPT_SANDBOXING = YES;
				GCC_C_LANGUAGE_STANDARD = gnu17;
				GCC_DYNAMIC_NO_PIC = NO;
				GCC_NO_COMMON_BLOCKS = YES;
				GCC_OPTIMIZATION_LEVEL = 0;
				GCC_PREPROCESSOR_DEFINITIONS = (
					"DEBUG=1",
					"$(inherited)",
				);
				GCC_WARN_64_TO_32_BIT_CONVERSION = YES;
				GCC_WARN_ABOUT_RETURN_TYPE = YES_ERROR;
				GCC_WARN_UNDECLARED_SELECTOR = YES;
				GCC_WARN_UNINITIALIZED_AUTOS = YES_AGGRESSIVE;
				GCC_WARN_UNUSED_FUNCTION = YES;
				GCC_WARN_UNUSED_VARIABLE = YES;
				IPHONEOS_DEPLOYMENT_TARGET = 17.5;
				LOCALIZATION_PREFERS_STRING_CATALOGS = YES;
				MTL_ENABLE_DEBUG_INFO = INCLUDE_SOURCE;
				MTL_FAST_MATH = YES;
				ONLY_ACTIVE_ARCH = YES;
				SDKROOT = iphoneos;
				SWIFT_ACTIVE_COMPILATION_CONDITIONS = "DEBUG $(inherited)";
				SWIFT_OPTIMIZATION_LEVEL = "-Onone";
			};
			name = Debug;
		};
		6019B9972D5148AC00E3F786 /* Release */ = {
			isa = XCBuildConfiguration;
			buildSettings = {
				ALWAYS_SEARCH_USER_PATHS = NO;
				ASSETCATALOG_COMPILER_GENERATE_SWIFT_ASSET_SYMBOL_EXTENSIONS = YES;
				CLANG_ANALYZER_NONNULL = YES;
				CLANG_ANALYZER_NUMBER_OBJECT_CONVERSION = YES_AGGRESSIVE;
				CLANG_CXX_LANGUAGE_STANDARD = "gnu++20";
				CLANG_ENABLE_MODULES = YES;
				CLANG_ENABLE_OBJC_ARC = YES;
				CLANG_ENABLE_OBJC_WEAK = YES;
				CLANG_WARN_BLOCK_CAPTURE_AUTORELEASING = YES;
				CLANG_WARN_BOOL_CONVERSION = YES;
				CLANG_WARN_COMMA = YES;
				CLANG_WARN_CONSTANT_CONVERSION = YES;
				CLANG_WARN_DEPRECATED_OBJC_IMPLEMENTATIONS = YES;
				CLANG_WARN_DIRECT_OBJC_ISA_USAGE = YES_ERROR;
				CLANG_WARN_DOCUMENTATION_COMMENTS = YES;
				CLANG_WARN_EMPTY_BODY = YES;
				CLANG_WARN_ENUM_CONVERSION = YES;
				CLANG_WARN_INFINITE_RECURSION = YES;
				CLANG_WARN_INT_CONVERSION = YES;
				CLANG_WARN_NON_LITERAL_NULL_CONVERSION = YES;
				CLANG_WARN_OBJC_IMPLICIT_RETAIN_SELF = YES;
				CLANG_WARN_OBJC_LITERAL_CONVERSION = YES;
				CLANG_WARN_OBJC_ROOT_CLASS = YES_ERROR;
				CLANG_WARN_QUOTED_INCLUDE_IN_FRAMEWORK_HEADER = YES;
				CLANG_WARN_RANGE_LOOP_ANALYSIS = YES;
				CLANG_WARN_STRICT_PROTOTYPES = YES;
				CLANG_WARN_SUSPICIOUS_MOVE = YES;
				CLANG_WARN_UNGUARDED_AVAILABILITY = YES_AGGRESSIVE;
				CLANG_WARN_UNREACHABLE_CODE = YES;
				CLANG_WARN__DUPLICATE_METHOD_MATCH = YES;
				COPY_PHASE_STRIP = NO;
				DEBUG_INFORMATION_FORMAT = "dwarf-with-dsym";
				ENABLE_NS_ASSERTIONS = NO;
				ENABLE_STRICT_OBJC_MSGSEND = YES;
				ENABLE_USER_SCRIPT_SANDBOXING = YES;
				GCC_C_LANGUAGE_STANDARD = gnu17;
				GCC_NO_COMMON_BLOCKS = YES;
				GCC_WARN_64_TO_32_BIT_CONVERSION = YES;
				GCC_WARN_ABOUT_RETURN_TYPE = YES_ERROR;
				GCC_WARN_UNDECLARED_SELECTOR = YES;
				GCC_WARN_UNINITIALIZED_AUTOS = YES_AGGRESSIVE;
				GCC_WARN_UNUSED_FUNCTION = YES;
				GCC_WARN_UNUSED_VARIABLE = YES;
				IPHONEOS_DEPLOYMENT_TARGET = 17.5;
				LOCALIZATION_PREFERS_STRING_CATALOGS = YES;
				MTL_ENABLE_DEBUG_INFO = NO;
				MTL_FAST_MATH = YES;
				SDKROOT = iphoneos;
				SWIFT_COMPILATION_MODE = wholemodule;
				VALIDATE_PRODUCT = YES;
			};
			name = Release;
		};
		6019B9992D5148AC00E3F786 /* Debug */ = {
			isa = XCBuildConfiguration;
			buildSettings = {
				ASSETCATALOG_COMPILER_APPICON_NAME = AppIcon;
				ASSETCATALOG_COMPILER_GLOBAL_ACCENT_COLOR_NAME = AccentColor;
				CODE_SIGN_STYLE = Automatic;
				CURRENT_PROJECT_VERSION = 1;
				DEVELOPMENT_TEAM = TVNB4R4JHD;
				GENERATE_INFOPLIST_FILE = YES;
				INFOPLIST_FILE = MemesApp/Info.plist;
				INFOPLIST_KEY_UIApplicationSupportsIndirectInputEvents = YES;
				INFOPLIST_KEY_UILaunchStoryboardName = LaunchScreen;
				INFOPLIST_KEY_UIMainStoryboardFile = Main;
				INFOPLIST_KEY_UISupportedInterfaceOrientations_iPad = "UIInterfaceOrientationPortrait UIInterfaceOrientationPortraitUpsideDown UIInterfaceOrientationLandscapeLeft UIInterfaceOrientationLandscapeRight";
				INFOPLIST_KEY_UISupportedInterfaceOrientations_iPhone = "UIInterfaceOrientationPortrait UIInterfaceOrientationLandscapeLeft UIInterfaceOrientationLandscapeRight";
				LD_RUNPATH_SEARCH_PATHS = (
					"$(inherited)",
					"@executable_path/Frameworks",
				);
				MARKETING_VERSION = 1.0;
				PRODUCT_BUNDLE_IDENTIFIER = com.nikolayignatov.MemesApp;
				PRODUCT_NAME = "$(TARGET_NAME)";
				SWIFT_EMIT_LOC_STRINGS = YES;
				SWIFT_VERSION = 5.0;
				TARGETED_DEVICE_FAMILY = "1,2";
			};
			name = Debug;
		};
		6019B99A2D5148AC00E3F786 /* Release */ = {
			isa = XCBuildConfiguration;
			buildSettings = {
				ASSETCATALOG_COMPILER_APPICON_NAME = AppIcon;
				ASSETCATALOG_COMPILER_GLOBAL_ACCENT_COLOR_NAME = AccentColor;
				CODE_SIGN_STYLE = Automatic;
				CURRENT_PROJECT_VERSION = 1;
				DEVELOPMENT_TEAM = TVNB4R4JHD;
				GENERATE_INFOPLIST_FILE = YES;
				INFOPLIST_FILE = MemesApp/Info.plist;
				INFOPLIST_KEY_UIApplicationSupportsIndirectInputEvents = YES;
				INFOPLIST_KEY_UILaunchStoryboardName = LaunchScreen;
				INFOPLIST_KEY_UIMainStoryboardFile = Main;
				INFOPLIST_KEY_UISupportedInterfaceOrientations_iPad = "UIInterfaceOrientationPortrait UIInterfaceOrientationPortraitUpsideDown UIInterfaceOrientationLandscapeLeft UIInterfaceOrientationLandscapeRight";
				INFOPLIST_KEY_UISupportedInterfaceOrientations_iPhone = "UIInterfaceOrientationPortrait UIInterfaceOrientationLandscapeLeft UIInterfaceOrientationLandscapeRight";
				LD_RUNPATH_SEARCH_PATHS = (
					"$(inherited)",
					"@executable_path/Frameworks",
				);
				MARKETING_VERSION = 1.0;
				PRODUCT_BUNDLE_IDENTIFIER = com.nikolayignatov.MemesApp;
				PRODUCT_NAME = "$(TARGET_NAME)";
				SWIFT_EMIT_LOC_STRINGS = YES;
				SWIFT_VERSION = 5.0;
				TARGETED_DEVICE_FAMILY = "1,2";
			};
			name = Release;
		};
		6019B99C2D5148AC00E3F786 /* Debug */ = {
			isa = XCBuildConfiguration;
			buildSettings = {
				ALWAYS_EMBED_SWIFT_STANDARD_LIBRARIES = YES;
				BUNDLE_LOADER = "$(TEST_HOST)";
				CODE_SIGN_STYLE = Automatic;
				CURRENT_PROJECT_VERSION = 1;
				DEVELOPMENT_TEAM = TVNB4R4JHD;
				GENERATE_INFOPLIST_FILE = YES;
				IPHONEOS_DEPLOYMENT_TARGET = 17.5;
				MARKETING_VERSION = 1.0;
				PRODUCT_BUNDLE_IDENTIFIER = com.nikolayignatov.MemesAppTests;
				PRODUCT_NAME = "$(TARGET_NAME)";
				SWIFT_EMIT_LOC_STRINGS = NO;
				SWIFT_VERSION = 5.0;
				TARGETED_DEVICE_FAMILY = "1,2";
				TEST_HOST = "$(BUILT_PRODUCTS_DIR)/MemesApp.app/$(BUNDLE_EXECUTABLE_FOLDER_PATH)/MemesApp";
			};
			name = Debug;
		};
		6019B99D2D5148AC00E3F786 /* Release */ = {
			isa = XCBuildConfiguration;
			buildSettings = {
				ALWAYS_EMBED_SWIFT_STANDARD_LIBRARIES = YES;
				BUNDLE_LOADER = "$(TEST_HOST)";
				CODE_SIGN_STYLE = Automatic;
				CURRENT_PROJECT_VERSION = 1;
				DEVELOPMENT_TEAM = TVNB4R4JHD;
				GENERATE_INFOPLIST_FILE = YES;
				IPHONEOS_DEPLOYMENT_TARGET = 17.5;
				MARKETING_VERSION = 1.0;
				PRODUCT_BUNDLE_IDENTIFIER = com.nikolayignatov.MemesAppTests;
				PRODUCT_NAME = "$(TARGET_NAME)";
				SWIFT_EMIT_LOC_STRINGS = NO;
				SWIFT_VERSION = 5.0;
				TARGETED_DEVICE_FAMILY = "1,2";
				TEST_HOST = "$(BUILT_PRODUCTS_DIR)/MemesApp.app/$(BUNDLE_EXECUTABLE_FOLDER_PATH)/MemesApp";
			};
			name = Release;
		};
		6019B99F2D5148AC00E3F786 /* Debug */ = {
			isa = XCBuildConfiguration;
			buildSettings = {
				ALWAYS_EMBED_SWIFT_STANDARD_LIBRARIES = YES;
				CODE_SIGN_STYLE = Automatic;
				CURRENT_PROJECT_VERSION = 1;
				DEVELOPMENT_TEAM = TVNB4R4JHD;
				GENERATE_INFOPLIST_FILE = YES;
				MARKETING_VERSION = 1.0;
				PRODUCT_BUNDLE_IDENTIFIER = com.nikolayignatov.MemesAppUITests;
				PRODUCT_NAME = "$(TARGET_NAME)";
				SWIFT_EMIT_LOC_STRINGS = NO;
				SWIFT_VERSION = 5.0;
				TARGETED_DEVICE_FAMILY = "1,2";
				TEST_TARGET_NAME = MemesApp;
			};
			name = Debug;
		};
		6019B9A02D5148AC00E3F786 /* Release */ = {
			isa = XCBuildConfiguration;
			buildSettings = {
				ALWAYS_EMBED_SWIFT_STANDARD_LIBRARIES = YES;
				CODE_SIGN_STYLE = Automatic;
				CURRENT_PROJECT_VERSION = 1;
				DEVELOPMENT_TEAM = TVNB4R4JHD;
				GENERATE_INFOPLIST_FILE = YES;
				MARKETING_VERSION = 1.0;
				PRODUCT_BUNDLE_IDENTIFIER = com.nikolayignatov.MemesAppUITests;
				PRODUCT_NAME = "$(TARGET_NAME)";
				SWIFT_EMIT_LOC_STRINGS = NO;
				SWIFT_VERSION = 5.0;
				TARGETED_DEVICE_FAMILY = "1,2";
				TEST_TARGET_NAME = MemesApp;
			};
			name = Release;
		};
/* End XCBuildConfiguration section */

/* Begin XCConfigurationList section */
		6019B9692D5148AA00E3F786 /* Build configuration list for PBXProject "MemesApp" */ = {
			isa = XCConfigurationList;
			buildConfigurations = (
				6019B9962D5148AC00E3F786 /* Debug */,
				6019B9972D5148AC00E3F786 /* Release */,
			);
			defaultConfigurationIsVisible = 0;
			defaultConfigurationName = Release;
		};
		6019B9982D5148AC00E3F786 /* Build configuration list for PBXNativeTarget "MemesApp" */ = {
			isa = XCConfigurationList;
			buildConfigurations = (
				6019B9992D5148AC00E3F786 /* Debug */,
				6019B99A2D5148AC00E3F786 /* Release */,
			);
			defaultConfigurationIsVisible = 0;
			defaultConfigurationName = Release;
		};
		6019B99B2D5148AC00E3F786 /* Build configuration list for PBXNativeTarget "MemesAppTests" */ = {
			isa = XCConfigurationList;
			buildConfigurations = (
				6019B99C2D5148AC00E3F786 /* Debug */,
				6019B99D2D5148AC00E3F786 /* Release */,
			);
			defaultConfigurationIsVisible = 0;
			defaultConfigurationName = Release;
		};
		6019B99E2D5148AC00E3F786 /* Build configuration list for PBXNativeTarget "MemesAppUITests" */ = {
			isa = XCConfigurationList;
			buildConfigurations = (
				6019B99F2D5148AC00E3F786 /* Debug */,
				6019B9A02D5148AC00E3F786 /* Release */,
			);
			defaultConfigurationIsVisible = 0;
			defaultConfigurationName = Release;
		};
/* End XCConfigurationList section */
	};
	rootObject = 6019B9662D5148AA00E3F786 /* Project object */;
}
